{
  "object": {
    "pins": [
      {
        "package": "AirTurnInterface",
        "repositoryURL": "https://github.com/AirTurn/AirTurnInterface-dynamic-SP.git",
        "state": {
          "branch": null,
          "revision": "81d20141d69d985d32ce61840d671230a0f4a073",
          "version": "4.10.0-b.3"
        }
      }
    ]
  },
  "version": 1
}
